
Microsoft Visual Studio Solution File, Format Version 12.00
# Visual Studio 2013
VisualStudioVersion = 12.0.31101.0
MinimumVisualStudioVersion = 10.0.40219.1
Project("{FAE04EC0-301F-11D3-BF4B-00C04F79EFBC}") = "WpfApplication1", "WpfApplication1\WpfApplication1.csproj", "{865FA866-8CD0-4FDB-A7E1-B20A0103A43E}"
EndProject
Project("{FAE04EC0-301F-11D3-BF4B-00C04F79EFBC}") = "calci test", "calci test\calci test.csproj", "{B3D99451-F0A5-483E-8DC1-54E2EE718962}"
EndProject
Global
	GlobalSection(SolutionConfigurationPlatforms) = preSolution
		Debug|Any CPU = Debug|Any CPU
		Release|Any CPU = Release|Any CPU
	EndGlobalSection
	GlobalSection(ProjectConfigurationPlatforms) = postSolution
		{865FA866-8CD0-4FDB-A7E1-B20A0103A43E}.Debug|Any CPU.ActiveCfg = Debug|Any CPU
		{865FA866-8CD0-4FDB-A7E1-B20A0103A43E}.Debug|Any CPU.Build.0 = Debug|Any CPU
		{865FA866-8CD0-4FDB-A7E1-B20A0103A43E}.Release|Any CPU.ActiveCfg = Release|Any CPU
		{865FA866-8CD0-4FDB-A7E1-B20A0103A43E}.Release|Any CPU.Build.0 = Release|Any CPU
		{B3D99451-F0A5-483E-8DC1-54E2EE718962}.Debug|Any CPU.ActiveCfg = Debug|Any CPU
		{B3D99451-F0A5-483E-8DC1-54E2EE718962}.Debug|Any CPU.Build.0 = Debug|Any CPU
		{B3D99451-F0A5-483E-8DC1-54E2EE718962}.Release|Any CPU.ActiveCfg = Release|Any CPU
		{B3D99451-F0A5-483E-8DC1-54E2EE718962}.Release|Any CPU.Build.0 = Release|Any CPU
	EndGlobalSection
	GlobalSection(SolutionProperties) = preSolution
		HideSolutionNode = FALSE
	EndGlobalSection
EndGlobal
